
Microsoft Visual Studio Solution File, Format Version 11.00
# Visual Studio 2010
Project("{FAE04EC0-301F-11D3-BF4B-00C04F79EFBC}") = "VuforiaScripts", "VuforiaScripts.csproj", "{8D7ECA18-C6B7-DB0C-A4EA-F1DF4CC3CF5C}"
EndProject
Project("{FAE04EC0-301F-11D3-BF4B-00C04F79EFBC}") = "Assembly-CSharp", "Assembly-CSharp.csproj", "{8D2400EB-618F-DE9C-21EB-14D1BE7B2CED}"
EndProject
Project("{FAE04EC0-301F-11D3-BF4B-00C04F79EFBC}") = "VuforiaEditorScripts", "VuforiaEditorScripts.csproj", "{8A638C96-DDBD-B2BB-0AE6-B943CA1AF305}"
EndProject
Global
	GlobalSection(SolutionConfigurationPlatforms) = preSolution
		Debug|Any CPU = Debug|Any CPU
		Release|Any CPU = Release|Any CPU
	EndGlobalSection
	GlobalSection(ProjectConfigurationPlatforms) = postSolution
		{8D7ECA18-C6B7-DB0C-A4EA-F1DF4CC3CF5C}.Debug|Any CPU.ActiveCfg = Debug|Any CPU
		{8D7ECA18-C6B7-DB0C-A4EA-F1DF4CC3CF5C}.Debug|Any CPU.Build.0 = Debug|Any CPU
		{8D7ECA18-C6B7-DB0C-A4EA-F1DF4CC3CF5C}.Release|Any CPU.ActiveCfg = Release|Any CPU
		{8D7ECA18-C6B7-DB0C-A4EA-F1DF4CC3CF5C}.Release|Any CPU.Build.0 = Release|Any CPU
		{8D2400EB-618F-DE9C-21EB-14D1BE7B2CED}.Debug|Any CPU.ActiveCfg = Debug|Any CPU
		{8D2400EB-618F-DE9C-21EB-14D1BE7B2CED}.Debug|Any CPU.Build.0 = Debug|Any CPU
		{8D2400EB-618F-DE9C-21EB-14D1BE7B2CED}.Release|Any CPU.ActiveCfg = Release|Any CPU
		{8D2400EB-618F-DE9C-21EB-14D1BE7B2CED}.Release|Any CPU.Build.0 = Release|Any CPU
		{8A638C96-DDBD-B2BB-0AE6-B943CA1AF305}.Debug|Any CPU.ActiveCfg = Debug|Any CPU
		{8A638C96-DDBD-B2BB-0AE6-B943CA1AF305}.Debug|Any CPU.Build.0 = Debug|Any CPU
		{8A638C96-DDBD-B2BB-0AE6-B943CA1AF305}.Release|Any CPU.ActiveCfg = Release|Any CPU
		{8A638C96-DDBD-B2BB-0AE6-B943CA1AF305}.Release|Any CPU.Build.0 = Release|Any CPU
	EndGlobalSection
	GlobalSection(SolutionProperties) = preSolution
		HideSolutionNode = FALSE
	EndGlobalSection
	GlobalSection(MonoDevelopProperties) = preSolution
		StartupItem = Assembly-CSharp.csproj
	EndGlobalSection
EndGlobal
